
Microsoft Visual Studio Solution File, Format Version 12.00
# Visual Studio Version 17
VisualStudioVersion = 17.8.34408.163
MinimumVisualStudioVersion = 10.0.40219.1
Project("{FAE04EC0-301F-11D3-BF4B-00C04F79EFBC}") = "brokenHand", "brokenHand.csproj", "{5660E6E5-C48B-48A8-9CFE-C965CDC361F9}"
EndProject
Global
	GlobalSection(SolutionConfigurationPlatforms) = preSolution
		Debug|Any CPU = Debug|Any CPU
		Release|Any CPU = Release|Any CPU
	EndGlobalSection
	GlobalSection(ProjectConfigurationPlatforms) = postSolution
		{5660E6E5-C48B-48A8-9CFE-C965CDC361F9}.Debug|Any CPU.ActiveCfg = Debug|Any CPU
		{5660E6E5-C48B-48A8-9CFE-C965CDC361F9}.Debug|Any CPU.Build.0 = Debug|Any CPU
		{5660E6E5-C48B-48A8-9CFE-C965CDC361F9}.Release|Any CPU.ActiveCfg = Release|Any CPU
		{5660E6E5-C48B-48A8-9CFE-C965CDC361F9}.Release|Any CPU.Build.0 = Release|Any CPU
	EndGlobalSection
	GlobalSection(SolutionProperties) = preSolution
		HideSolutionNode = FALSE
	EndGlobalSection
	GlobalSection(ExtensibilityGlobals) = postSolution
		SolutionGuid = {F61A887F-0961-4A5F-AFBB-EEC4894298EF}
	EndGlobalSection
EndGlobal
